
Microsoft Visual Studio Solution File, Format Version 12.00
# Visual Studio Version 16
VisualStudioVersion = 16.0.30413.136
MinimumVisualStudioVersion = 10.0.40219.1
Project("{FAE04EC0-301F-11D3-BF4B-00C04F79EFBC}") = "lab5-updated", "lab5-updated.csproj", "{3E17A17E-E56C-4FCD-A110-DF6B881BBBC9}"
EndProject
Global
	GlobalSection(SolutionConfigurationPlatforms) = preSolution
		Debug|Any CPU = Debug|Any CPU
		Release|Any CPU = Release|Any CPU
	EndGlobalSection
	GlobalSection(ProjectConfigurationPlatforms) = postSolution
		{3E17A17E-E56C-4FCD-A110-DF6B881BBBC9}.Debug|Any CPU.ActiveCfg = Debug|Any CPU
		{3E17A17E-E56C-4FCD-A110-DF6B881BBBC9}.Debug|Any CPU.Build.0 = Debug|Any CPU
		{3E17A17E-E56C-4FCD-A110-DF6B881BBBC9}.Release|Any CPU.ActiveCfg = Release|Any CPU
		{3E17A17E-E56C-4FCD-A110-DF6B881BBBC9}.Release|Any CPU.Build.0 = Release|Any CPU
	EndGlobalSection
	GlobalSection(SolutionProperties) = preSolution
		HideSolutionNode = FALSE
	EndGlobalSection
	GlobalSection(ExtensibilityGlobals) = postSolution
		SolutionGuid = {B44BA369-AC43-43D9-9959-5C899CB38DAC}
	EndGlobalSection
EndGlobal
